// !$*UTF8*$!
{
	archiveVersion = 1;
	classes = {
	};
	objectVersion = 46;
	objects = {

/* Begin PBXBuildFile section */
		8556B9121715C03B00AC67E9 /* UIKit.framework in Frameworks */ = {isa = PBXBuildFile; fileRef = 8556B9111715C03B00AC67E9 /* UIKit.framework */; };
		8556B9141715C03B00AC67E9 /* Foundation.framework in Frameworks */ = {isa = PBXBuildFile; fileRef = 8556B9131715C03B00AC67E9 /* Foundation.framework */; };
		8556B9161715C03B00AC67E9 /* CoreGraphics.framework in Frameworks */ = {isa = PBXBuildFile; fileRef = 8556B9151715C03B00AC67E9 /* CoreGraphics.framework */; };
		8556B91C1715C03B00AC67E9 /* InfoPlist.strings in Resources */ = {isa = PBXBuildFile; fileRef = 8556B91A1715C03B00AC67E9 /* InfoPlist.strings */; };
		8556B91E1715C03B00AC67E9 /* main.m in Sources */ = {isa = PBXBuildFile; fileRef = 8556B91D1715C03B00AC67E9 /* main.m */; };
		8556B9221715C03B00AC67E9 /* DEMOAppDelegate.m in Sources */ = {isa = PBXBuildFile; fileRef = 8556B9211715C03B00AC67E9 /* DEMOAppDelegate.m */; };
		8556B92B1715C03B00AC67E9 /* DEMOViewController.m in Sources */ = {isa = PBXBuildFile; fileRef = 8556B92A1715C03B00AC67E9 /* DEMOViewController.m */; };
		8556B92E1715C03B00AC67E9 /* DEMOViewController.xib in Resources */ = {isa = PBXBuildFile; fileRef = 8556B92C1715C03B00AC67E9 /* DEMOViewController.xib */; };
		8556B9361715C03C00AC67E9 /* SenTestingKit.framework in Frameworks */ = {isa = PBXBuildFile; fileRef = 8556B9351715C03C00AC67E9 /* SenTestingKit.framework */; };
		8556B9371715C03C00AC67E9 /* UIKit.framework in Frameworks */ = {isa = PBXBuildFile; fileRef = 8556B9111715C03B00AC67E9 /* UIKit.framework */; };
		8556B9381715C03C00AC67E9 /* Foundation.framework in Frameworks */ = {isa = PBXBuildFile; fileRef = 8556B9131715C03B00AC67E9 /* Foundation.framework */; };
		8556B9401715C03C00AC67E9 /* InfoPlist.strings in Resources */ = {isa = PBXBuildFile; fileRef = 8556B93E1715C03C00AC67E9 /* InfoPlist.strings */; };
		8556B9431715C03C00AC67E9 /* MLPFlatColorsDemoTests.m in Sources */ = {isa = PBXBuildFile; fileRef = 8556B9421715C03C00AC67E9 /* MLPFlatColorsDemoTests.m */; };
		8556B94F1715C0B700AC67E9 /* Default-568h@2x.png in Resources */ = {isa = PBXBuildFile; fileRef = 8556B94C1715C0B700AC67E9 /* Default-568h@2x.png */; };
		8556B9501715C0B700AC67E9 /* Default.png in Resources */ = {isa = PBXBuildFile; fileRef = 8556B94D1715C0B700AC67E9 /* Default.png */; };
		8556B9511715C0B700AC67E9 /* Default@2x.png in Resources */ = {isa = PBXBuildFile; fileRef = 8556B94E1715C0B700AC67E9 /* Default@2x.png */; };
		8556B9551715C13700AC67E9 /* UIColor+MLPFlatColors.m in Sources */ = {isa = PBXBuildFile; fileRef = 8556B9541715C13700AC67E9 /* UIColor+MLPFlatColors.m */; };
		85E5DD1817CFB9D9006D8F2B /* DEMOFooterView.xib in Resources */ = {isa = PBXBuildFile; fileRef = 85E5DD1617CFB9D9006D8F2B /* DEMOFooterView.xib */; };
		85E5DD1A17CFC360006D8F2B /* icon.png in Resources */ = {isa = PBXBuildFile; fileRef = 85E5DD1917CFC360006D8F2B /* icon.png */; };
		85E716F11753096E00A992A0 /* libGoogleAnalytics_debug.a in Frameworks */ = {isa = PBXBuildFile; fileRef = 85E716EF1753096E00A992A0 /* libGoogleAnalytics_debug.a */; };
		85E716F21753096E00A992A0 /* libGoogleAnalytics.a in Frameworks */ = {isa = PBXBuildFile; fileRef = 85E716F01753096E00A992A0 /* libGoogleAnalytics.a */; };
		85E716F4175309F400A992A0 /* CoreData.framework in Frameworks */ = {isa = PBXBuildFile; fileRef = 85E716F3175309F400A992A0 /* CoreData.framework */; };
		85E716F617530A0100A992A0 /* SystemConfiguration.framework in Frameworks */ = {isa = PBXBuildFile; fileRef = 85E716F517530A0100A992A0 /* SystemConfiguration.framework */; };
/* End PBXBuildFile section */

/* Begin PBXContainerItemProxy section */
		8556B9391715C03C00AC67E9 /* PBXContainerItemProxy */ = {
			isa = PBXContainerItemProxy;
			containerPortal = 8556B9061715C03B00AC67E9 /* Project object */;
			proxyType = 1;
			remoteGlobalIDString = 8556B90D1715C03B00AC67E9;
			remoteInfo = MLPFlatColorsDemo;
		};
/* End PBXContainerItemProxy section */

/* Begin PBXFileReference section */
		8556B90E1715C03B00AC67E9 /* MLPFlatColorsDemo.app */ = {isa = PBXFileReference; explicitFileType = wrapper.application; includeInIndex = 0; path = MLPFlatColorsDemo.app; sourceTree = BUILT_PRODUCTS_DIR; };
		8556B9111715C03B00AC67E9 /* UIKit.framework */ = {isa = PBXFileReference; lastKnownFileType = wrapper.framework; name = UIKit.framework; path = System/Library/Frameworks/UIKit.framework; sourceTree = SDKROOT; };
		8556B9131715C03B00AC67E9 /* Foundation.framework */ = {isa = PBXFileReference; lastKnownFileType = wrapper.framework; name = Foundation.framework; path = System/Library/Frameworks/Foundation.framework; sourceTree = SDKROOT; };
		8556B9151715C03B00AC67E9 /* CoreGraphics.framework */ = {isa = PBXFileReference; lastKnownFileType = wrapper.framework; name = CoreGraphics.framework; path = System/Library/Frameworks/CoreGraphics.framework; sourceTree = SDKROOT; };
		8556B9191715C03B00AC67E9 /* MLPFlatColorsDemo-Info.plist */ = {isa = PBXFileReference; lastKnownFileType = text.plist.xml; path = "MLPFlatColorsDemo-Info.plist"; sourceTree = "<group>"; };
		8556B91B1715C03B00AC67E9 /* en */ = {isa = PBXFileReference; lastKnownFileType = text.plist.strings; name = en; path = en.lproj/InfoPlist.strings; sourceTree = "<group>"; };
		8556B91D1715C03B00AC67E9 /* main.m */ = {isa = PBXFileReference; lastKnownFileType = sourcecode.c.objc; path = main.m; sourceTree = "<group>"; };
		8556B91F1715C03B00AC67E9 /* MLPFlatColorsDemo-Prefix.pch */ = {isa = PBXFileReference; lastKnownFileType = sourcecode.c.h; path = "MLPFlatColorsDemo-Prefix.pch"; sourceTree = "<group>"; };
		8556B9201715C03B00AC67E9 /* DEMOAppDelegate.h */ = {isa = PBXFileReference; lastKnownFileType = sourcecode.c.h; path = DEMOAppDelegate.h; sourceTree = "<group>"; };
		8556B9211715C03B00AC67E9 /* DEMOAppDelegate.m */ = {isa = PBXFileReference; lastKnownFileType = sourcecode.c.objc; path = DEMOAppDelegate.m; sourceTree = "<group>"; };
		8556B9291715C03B00AC67E9 /* DEMOViewController.h */ = {isa = PBXFileReference; lastKnownFileType = sourcecode.c.h; path = DEMOViewController.h; sourceTree = "<group>"; };
		8556B92A1715C03B00AC67E9 /* DEMOViewController.m */ = {isa = PBXFileReference; lastKnownFileType = sourcecode.c.objc; path = DEMOViewController.m; sourceTree = "<group>"; };
		8556B92D1715C03B00AC67E9 /* en */ = {isa = PBXFileReference; lastKnownFileType = file.xib; name = en; path = en.lproj/DEMOViewController.xib; sourceTree = "<group>"; };
		8556B9341715C03C00AC67E9 /* MLPFlatColorsDemoTests.octest */ = {isa = PBXFileReference; explicitFileType = wrapper.cfbundle; includeInIndex = 0; path = MLPFlatColorsDemoTests.octest; sourceTree = BUILT_PRODUCTS_DIR; };
		8556B9351715C03C00AC67E9 /* SenTestingKit.framework */ = {isa = PBXFileReference; lastKnownFileType = wrapper.framework; name = SenTestingKit.framework; path = Library/Frameworks/SenTestingKit.framework; sourceTree = DEVELOPER_DIR; };
		8556B93D1715C03C00AC67E9 /* MLPFlatColorsDemoTests-Info.plist */ = {isa = PBXFileReference; lastKnownFileType = text.plist.xml; path = "MLPFlatColorsDemoTests-Info.plist"; sourceTree = "<group>"; };
		8556B93F1715C03C00AC67E9 /* en */ = {isa = PBXFileReference; lastKnownFileType = text.plist.strings; name = en; path = en.lproj/InfoPlist.strings; sourceTree = "<group>"; };
		8556B9411715C03C00AC67E9 /* MLPFlatColorsDemoTests.h */ = {isa = PBXFileReference; lastKnownFileType = sourcecode.c.h; path = MLPFlatColorsDemoTests.h; sourceTree = "<group>"; };
		8556B9421715C03C00AC67E9 /* MLPFlatColorsDemoTests.m */ = {isa = PBXFileReference; lastKnownFileType = sourcecode.c.objc; path = MLPFlatColorsDemoTests.m; sourceTree = "<group>"; };
		8556B94C1715C0B700AC67E9 /* Default-568h@2x.png */ = {isa = PBXFileReference; lastKnownFileType = image.png; path = "Default-568h@2x.png"; sourceTree = "<group>"; };
		8556B94D1715C0B700AC67E9 /* Default.png */ = {isa = PBXFileReference; lastKnownFileType = image.png; path = Default.png; sourceTree = "<group>"; };
		8556B94E1715C0B700AC67E9 /* Default@2x.png */ = {isa = PBXFileReference; lastKnownFileType = image.png; path = "Default@2x.png"; sourceTree = "<group>"; };
		8556B9531715C13700AC67E9 /* UIColor+MLPFlatColors.h */ = {isa = PBXFileReference; fileEncoding = 4; lastKnownFileType = sourcecode.c.h; name = "UIColor+MLPFlatColors.h"; path = "UIColor+MLPFlatColors/UIColor+MLPFlatColors.h"; sourceTree = SOURCE_ROOT; };
		8556B9541715C13700AC67E9 /* UIColor+MLPFlatColors.m */ = {isa = PBXFileReference; fileEncoding = 4; lastKnownFileType = sourcecode.c.objc; name = "UIColor+MLPFlatColors.m"; path = "UIColor+MLPFlatColors/UIColor+MLPFlatColors.m"; sourceTree = SOURCE_ROOT; };
		85E5DD1717CFB9D9006D8F2B /* en */ = {isa = PBXFileReference; lastKnownFileType = file.xib; name = en; path = en.lproj/DEMOFooterView.xib; sourceTree = "<group>"; };
		85E5DD1917CFC360006D8F2B /* icon.png */ = {isa = PBXFileReference; lastKnownFileType = image.png; path = icon.png; sourceTree = "<group>"; };
		85E716EA1753096E00A992A0 /* GAI.h */ = {isa = PBXFileReference; fileEncoding = 4; lastKnownFileType = sourcecode.c.h; name = GAI.h; path = GoogleAnalytics/GAI.h; sourceTree = "<group>"; };
		85E716EB1753096E00A992A0 /* GAITrackedViewController.h */ = {isa = PBXFileReference; fileEncoding = 4; lastKnownFileType = sourcecode.c.h; name = GAITrackedViewController.h; path = GoogleAnalytics/GAITrackedViewController.h; sourceTree = "<group>"; };
		85E716EC1753096E00A992A0 /* GAITracker.h */ = {isa = PBXFileReference; fileEncoding = 4; lastKnownFileType = sourcecode.c.h; name = GAITracker.h; path = GoogleAnalytics/GAITracker.h; sourceTree = "<group>"; };
		85E716ED1753096E00A992A0 /* GAITransaction.h */ = {isa = PBXFileReference; fileEncoding = 4; lastKnownFileType = sourcecode.c.h; name = GAITransaction.h; path = GoogleAnalytics/GAITransaction.h; sourceTree = "<group>"; };
		85E716EE1753096E00A992A0 /* GAITransactionItem.h */ = {isa = PBXFileReference; fileEncoding = 4; lastKnownFileType = sourcecode.c.h; name = GAITransactionItem.h; path = GoogleAnalytics/GAITransactionItem.h; sourceTree = "<group>"; };
		85E716EF1753096E00A992A0 /* libGoogleAnalytics_debug.a */ = {isa = PBXFileReference; lastKnownFileType = archive.ar; name = libGoogleAnalytics_debug.a; path = GoogleAnalytics/libGoogleAnalytics_debug.a; sourceTree = "<group>"; };
		85E716F01753096E00A992A0 /* libGoogleAnalytics.a */ = {isa = PBXFileReference; lastKnownFileType = archive.ar; name = libGoogleAnalytics.a; path = GoogleAnalytics/libGoogleAnalytics.a; sourceTree = "<group>"; };
		85E716F3175309F400A992A0 /* CoreData.framework */ = {isa = PBXFileReference; lastKnownFileType = wrapper.framework; name = CoreData.framework; path = System/Library/Frameworks/CoreData.framework; sourceTree = SDKROOT; };
		85E716F517530A0100A992A0 /* SystemConfiguration.framework */ = {isa = PBXFileReference; lastKnownFileType = wrapper.framework; name = SystemConfiguration.framework; path = System/Library/Frameworks/SystemConfiguration.framework; sourceTree = SDKROOT; };
/* End PBXFileReference section */

/* Begin PBXFrameworksBuildPhase section */
		8556B90B1715C03B00AC67E9 /* Frameworks */ = {
			isa = PBXFrameworksBuildPhase;
			buildActionMask = 2147483647;
			files = (
				8556B9121715C03B00AC67E9 /* UIKit.framework in Frameworks */,
				8556B9141715C03B00AC67E9 /* Foundation.framework in Frameworks */,
				8556B9161715C03B00AC67E9 /* CoreGraphics.framework in Frameworks */,
				85E716F11753096E00A992A0 /* libGoogleAnalytics_debug.a in Frameworks */,
				85E716F21753096E00A992A0 /* libGoogleAnalytics.a in Frameworks */,
				85E716F4175309F400A992A0 /* CoreData.framework in Frameworks */,
				85E716F617530A0100A992A0 /* SystemConfiguration.framework in Frameworks */,
			);
			runOnlyForDeploymentPostprocessing = 0;
		};
		8556B9301715C03C00AC67E9 /* Frameworks */ = {
			isa = PBXFrameworksBuildPhase;
			buildActionMask = 2147483647;
			files = (
				8556B9361715C03C00AC67E9 /* SenTestingKit.framework in Frameworks */,
				8556B9371715C03C00AC67E9 /* UIKit.framework in Frameworks */,
				8556B9381715C03C00AC67E9 /* Foundation.framework in Frameworks */,
			);
			runOnlyForDeploymentPostprocessing = 0;
		};
/* End PBXFrameworksBuildPhase section */

/* Begin PBXGroup section */
		8556B9051715C03B00AC67E9 = {
			isa = PBXGroup;
			children = (
				8556B9171715C03B00AC67E9 /* MLPFlatColorsDemo */,
				8556B93B1715C03C00AC67E9 /* MLPFlatColorsDemoTests */,
				8556B9101715C03B00AC67E9 /* Frameworks */,
				8556B90F1715C03B00AC67E9 /* Products */,
			);
			sourceTree = "<group>";
		};
		8556B90F1715C03B00AC67E9 /* Products */ = {
			isa = PBXGroup;
			children = (
				8556B90E1715C03B00AC67E9 /* MLPFlatColorsDemo.app */,
				8556B9341715C03C00AC67E9 /* MLPFlatColorsDemoTests.octest */,
			);
			name = Products;
			sourceTree = "<group>";
		};
		8556B9101715C03B00AC67E9 /* Frameworks */ = {
			isa = PBXGroup;
			children = (
				85E716F517530A0100A992A0 /* SystemConfiguration.framework */,
				85E716F3175309F400A992A0 /* CoreData.framework */,
				8556B9111715C03B00AC67E9 /* UIKit.framework */,
				8556B9131715C03B00AC67E9 /* Foundation.framework */,
				8556B9151715C03B00AC67E9 /* CoreGraphics.framework */,
				8556B9351715C03C00AC67E9 /* SenTestingKit.framework */,
			);
			name = Frameworks;
			sourceTree = "<group>";
		};
		8556B9171715C03B00AC67E9 /* MLPFlatColorsDemo */ = {
			isa = PBXGroup;
			children = (
				8556B9521715C11200AC67E9 /* UIColor+MLPFlatColors */,
				8556B9201715C03B00AC67E9 /* DEMOAppDelegate.h */,
				8556B9211715C03B00AC67E9 /* DEMOAppDelegate.m */,
				8556B9291715C03B00AC67E9 /* DEMOViewController.h */,
				8556B92A1715C03B00AC67E9 /* DEMOViewController.m */,
				8556B92C1715C03B00AC67E9 /* DEMOViewController.xib */,
				85E5DD1617CFB9D9006D8F2B /* DEMOFooterView.xib */,
				8556B9181715C03B00AC67E9 /* Supporting Files */,
			);
			path = MLPFlatColorsDemo;
			sourceTree = "<group>";
		};
		8556B9181715C03B00AC67E9 /* Supporting Files */ = {
			isa = PBXGroup;
			children = (
				85E716E91753096200A992A0 /* GAI */,
				8556B9191715C03B00AC67E9 /* MLPFlatColorsDemo-Info.plist */,
				8556B91A1715C03B00AC67E9 /* InfoPlist.strings */,
				8556B91D1715C03B00AC67E9 /* main.m */,
				8556B91F1715C03B00AC67E9 /* MLPFlatColorsDemo-Prefix.pch */,
				8556B94C1715C0B700AC67E9 /* Default-568h@2x.png */,
				85E5DD1917CFC360006D8F2B /* icon.png */,
				8556B94D1715C0B700AC67E9 /* Default.png */,
				8556B94E1715C0B700AC67E9 /* Default@2x.png */,
			);
			name = "Supporting Files";
			sourceTree = "<group>";
		};
		8556B93B1715C03C00AC67E9 /* MLPFlatColorsDemoTests */ = {
			isa = PBXGroup;
			children = (
				8556B9411715C03C00AC67E9 /* MLPFlatColorsDemoTests.h */,
				8556B9421715C03C00AC67E9 /* MLPFlatColorsDemoTests.m */,
				8556B93C1715C03C00AC67E9 /* Supporting Files */,
			);
			path = MLPFlatColorsDemoTests;
			sourceTree = "<group>";
		};
		8556B93C1715C03C00AC67E9 /* Supporting Files */ = {
			isa = PBXGroup;
			children = (
				8556B93D1715C03C00AC67E9 /* MLPFlatColorsDemoTests-Info.plist */,
				8556B93E1715C03C00AC67E9 /* InfoPlist.strings */,
			);
			name = "Supporting Files";
			sourceTree = "<group>";
		};
		8556B9521715C11200AC67E9 /* UIColor+MLPFlatColors */ = {
			isa = PBXGroup;
			children = (
				8556B9531715C13700AC67E9 /* UIColor+MLPFlatColors.h */,
				8556B9541715C13700AC67E9 /* UIColor+MLPFlatColors.m */,
			);
			name = "UIColor+MLPFlatColors";
			sourceTree = "<group>";
		};
		85E716E91753096200A992A0 /* GAI */ = {
			isa = PBXGroup;
			children = (
				85E716EA1753096E00A992A0 /* GAI.h */,
				85E716EB1753096E00A992A0 /* GAITrackedViewController.h */,
				85E716EC1753096E00A992A0 /* GAITracker.h */,
				85E716ED1753096E00A992A0 /* GAITransaction.h */,
				85E716EE1753096E00A992A0 /* GAITransactionItem.h */,
				85E716EF1753096E00A992A0 /* libGoogleAnalytics_debug.a */,
				85E716F01753096E00A992A0 /* libGoogleAnalytics.a */,
			);
			name = GAI;
			sourceTree = "<group>";
		};
/* End PBXGroup section */

/* Begin PBXNativeTarget section */
		8556B90D1715C03B00AC67E9 /* MLPFlatColorsDemo */ = {
			isa = PBXNativeTarget;
			buildConfigurationList = 8556B9461715C03C00AC67E9 /* Build configuration list for PBXNativeTarget "MLPFlatColorsDemo" */;
			buildPhases = (
				8556B90A1715C03B00AC67E9 /* Sources */,
				8556B90B1715C03B00AC67E9 /* Frameworks */,
				8556B90C1715C03B00AC67E9 /* Resources */,
			);
			buildRules = (
			);
			dependencies = (
			);
			name = MLPFlatColorsDemo;
			productName = MLPFlatColorsDemo;
			productReference = 8556B90E1715C03B00AC67E9 /* MLPFlatColorsDemo.app */;
			productType = "com.apple.product-type.application";
		};
		8556B9331715C03C00AC67E9 /* MLPFlatColorsDemoTests */ = {
			isa = PBXNativeTarget;
			buildConfigurationList = 8556B9491715C03C00AC67E9 /* Build configuration list for PBXNativeTarget "MLPFlatColorsDemoTests" */;
			buildPhases = (
				8556B92F1715C03C00AC67E9 /* Sources */,
				8556B9301715C03C00AC67E9 /* Frameworks */,
				8556B9311715C03C00AC67E9 /* Resources */,
				8556B9321715C03C00AC67E9 /* ShellScript */,
			);
			buildRules = (
			);
			dependencies = (
				8556B93A1715C03C00AC67E9 /* PBXTargetDependency */,
			);
			name = MLPFlatColorsDemoTests;
			productName = MLPFlatColorsDemoTests;
			productReference = 8556B9341715C03C00AC67E9 /* MLPFlatColorsDemoTests.octest */;
			productType = "com.apple.product-type.bundle";
		};
/* End PBXNativeTarget section */

/* Begin PBXProject section */
		8556B9061715C03B00AC67E9 /* Project object */ = {
			isa = PBXProject;
			attributes = {
				CLASSPREFIX = DEMO;
				LastUpgradeCheck = 0460;
				ORGANIZATIONNAME = "Mainloop LLC";
			};
			buildConfigurationList = 8556B9091715C03B00AC67E9 /* Build configuration list for PBXProject "MLPFlatColorsDemo" */;
			compatibilityVersion = "Xcode 3.2";
			developmentRegion = English;
			hasScannedForEncodings = 0;
			knownRegions = (
				en,
			);
			mainGroup = 8556B9051715C03B00AC67E9;
			productRefGroup = 8556B90F1715C03B00AC67E9 /* Products */;
			projectDirPath = "";
			projectRoot = "";
			targets = (
				8556B90D1715C03B00AC67E9 /* MLPFlatColorsDemo */,
				8556B9331715C03C00AC67E9 /* MLPFlatColorsDemoTests */,
			);
		};
/* End PBXProject section */

/* Begin PBXResourcesBuildPhase section */
		8556B90C1715C03B00AC67E9 /* Resources */ = {
			isa = PBXResourcesBuildPhase;
			buildActionMask = 2147483647;
			files = (
				85E5DD1817CFB9D9006D8F2B /* DEMOFooterView.xib in Resources */,
				85E5DD1A17CFC360006D8F2B /* icon.png in Resources */,
				8556B91C1715C03B00AC67E9 /* InfoPlist.strings in Resources */,
				8556B92E1715C03B00AC67E9 /* DEMOViewController.xib in Resources */,
				8556B94F1715C0B700AC67E9 /* Default-568h@2x.png in Resources */,
				8556B9501715C0B700AC67E9 /* Default.png in Resources */,
				8556B9511715C0B700AC67E9 /* Default@2x.png in Resources */,
			);
			runOnlyForDeploymentPostprocessing = 0;
		};
		8556B9311715C03C00AC67E9 /* Resources */ = {
			isa = PBXResourcesBuildPhase;
			buildActionMask = 2147483647;
			files = (
				8556B9401715C03C00AC67E9 /* InfoPlist.strings in Resources */,
			);
			runOnlyForDeploymentPostprocessing = 0;
		};
/* End PBXResourcesBuildPhase section */

/* Begin PBXShellScriptBuildPhase section */
		8556B9321715C03C00AC67E9 /* ShellScript */ = {
			isa = PBXShellScriptBuildPhase;
			buildActionMask = 2147483647;
			files = (
			);
			inputPaths = (
			);
			outputPaths = (
			);
			runOnlyForDeploymentPostprocessing = 0;
			shellPath = /bin/sh;
			shellScript = "# Run the unit tests in this test bundle.\n\"${SYSTEM_DEVELOPER_DIR}/Tools/RunUnitTests\"\n";
		};
/* End PBXShellScriptBuildPhase section */

/* Begin PBXSourcesBuildPhase section */
		8556B90A1715C03B00AC67E9 /* Sources */ = {
			isa = PBXSourcesBuildPhase;
			buildActionMask = 2147483647;
			files = (
				8556B91E1715C03B00AC67E9 /* main.m in Sources */,
				8556B9221715C03B00AC67E9 /* DEMOAppDelegate.m in Sources */,
				8556B92B1715C03B00AC67E9 /* DEMOViewController.m in Sources */,
				8556B9551715C13700AC67E9 /* UIColor+MLPFlatColors.m in Sources */,
			);
			runOnlyForDeploymentPostprocessing = 0;
		};
		8556B92F1715C03C00AC67E9 /* Sources */ = {
			isa = PBXSourcesBuildPhase;
			buildActionMask = 2147483647;
			files = (
				8556B9431715C03C00AC67E9 /* MLPFlatColorsDemoTests.m in Sources */,
			);
			runOnlyForDeploymentPostprocessing = 0;
		};
/* End PBXSourcesBuildPhase section */

/* Begin PBXTargetDependency section */
		8556B93A1715C03C00AC67E9 /* PBXTargetDependency */ = {
			isa = PBXTargetDependency;
			target = 8556B90D1715C03B00AC67E9 /* MLPFlatColorsDemo */;
			targetProxy = 8556B9391715C03C00AC67E9 /* PBXContainerItemProxy */;
		};
/* End PBXTargetDependency section */

/* Begin PBXVariantGroup section */
		8556B91A1715C03B00AC67E9 /* InfoPlist.strings */ = {
			isa = PBXVariantGroup;
			children = (
				8556B91B1715C03B00AC67E9 /* en */,
			);
			name = InfoPlist.strings;
			sourceTree = "<group>";
		};
		8556B92C1715C03B00AC67E9 /* DEMOViewController.xib */ = {
			isa = PBXVariantGroup;
			children = (
				8556B92D1715C03B00AC67E9 /* en */,
			);
			name = DEMOViewController.xib;
			sourceTree = "<group>";
		};
		8556B93E1715C03C00AC67E9 /* InfoPlist.strings */ = {
			isa = PBXVariantGroup;
			children = (
				8556B93F1715C03C00AC67E9 /* en */,
			);
			name = InfoPlist.strings;
			sourceTree = "<group>";
		};
		85E5DD1617CFB9D9006D8F2B /* DEMOFooterView.xib */ = {
			isa = PBXVariantGroup;
			children = (
				85E5DD1717CFB9D9006D8F2B /* en */,
			);
			name = DEMOFooterView.xib;
			sourceTree = "<group>";
		};
/* End PBXVariantGroup section */

/* Begin XCBuildConfiguration section */
		8556B9441715C03C00AC67E9 /* Debug */ = {
			isa = XCBuildConfiguration;
			buildSettings = {
				ALWAYS_SEARCH_USER_PATHS = NO;
				CLANG_CXX_LANGUAGE_STANDARD = "gnu++0x";
				CLANG_CXX_LIBRARY = "libc++";
				CLANG_ENABLE_OBJC_ARC = YES;
				CLANG_WARN_CONSTANT_CONVERSION = YES;
				CLANG_WARN_EMPTY_BODY = YES;
				CLANG_WARN_ENUM_CONVERSION = YES;
				CLANG_WARN_INT_CONVERSION = YES;
				CLANG_WARN__DUPLICATE_METHOD_MATCH = YES;
				"CODE_SIGN_IDENTITY[sdk=iphoneos*]" = "iPhone Developer";
				COPY_PHASE_STRIP = NO;
				GCC_C_LANGUAGE_STANDARD = gnu99;
				GCC_DYNAMIC_NO_PIC = NO;
				GCC_OPTIMIZATION_LEVEL = 0;
				GCC_PREPROCESSOR_DEFINITIONS = (
					"DEBUG=1",
					"$(inherited)",
				);
				GCC_SYMBOLS_PRIVATE_EXTERN = NO;
				GCC_WARN_ABOUT_RETURN_TYPE = YES;
				GCC_WARN_UNINITIALIZED_AUTOS = YES;
				GCC_WARN_UNUSED_VARIABLE = YES;
				IPHONEOS_DEPLOYMENT_TARGET = 6.1;
				ONLY_ACTIVE_ARCH = YES;
				SDKROOT = iphoneos;
			};
			name = Debug;
		};
		8556B9451715C03C00AC67E9 /* Release */ = {
			isa = XCBuildConfiguration;
			buildSettings = {
				ALWAYS_SEARCH_USER_PATHS = NO;
				CLANG_CXX_LANGUAGE_STANDARD = "gnu++0x";
				CLANG_CXX_LIBRARY = "libc++";
				CLANG_ENABLE_OBJC_ARC = YES;
				CLANG_WARN_CONSTANT_CONVERSION = YES;
				CLANG_WARN_EMPTY_BODY = YES;
				CLANG_WARN_ENUM_CONVERSION = YES;
				CLANG_WARN_INT_CONVERSION = YES;
				CLANG_WARN__DUPLICATE_METHOD_MATCH = YES;
				"CODE_SIGN_IDENTITY[sdk=iphoneos*]" = "iPhone Developer";
				COPY_PHASE_STRIP = YES;
				GCC_C_LANGUAGE_STANDARD = gnu99;
				GCC_WARN_ABOUT_RETURN_TYPE = YES;
				GCC_WARN_UNINITIALIZED_AUTOS = YES;
				GCC_WARN_UNUSED_VARIABLE = YES;
				IPHONEOS_DEPLOYMENT_TARGET = 6.1;
				OTHER_CFLAGS = "-DNS_BLOCK_ASSERTIONS=1";
				SDKROOT = iphoneos;
				VALIDATE_PRODUCT = YES;
			};
			name = Release;
		};
		8556B9471715C03C00AC67E9 /* Debug */ = {
			isa = XCBuildConfiguration;
			buildSettings = {
				GCC_PRECOMPILE_PREFIX_HEADER = YES;
				GCC_PREFIX_HEADER = "MLPFlatColorsDemo/MLPFlatColorsDemo-Prefix.pch";
				INFOPLIST_FILE = "MLPFlatColorsDemo/MLPFlatColorsDemo-Info.plist";
				LIBRARY_SEARCH_PATHS = (
					"$(inherited)",
					"\"$(SRCROOT)/MLPFlatColorsDemo/GoogleAnalytics\"",
				);
				PRODUCT_NAME = "$(TARGET_NAME)";
				WRAPPER_EXTENSION = app;
			};
			name = Debug;
		};
		8556B9481715C03C00AC67E9 /* Release */ = {
			isa = XCBuildConfiguration;
			buildSettings = {
				GCC_PRECOMPILE_PREFIX_HEADER = YES;
				GCC_PREFIX_HEADER = "MLPFlatColorsDemo/MLPFlatColorsDemo-Prefix.pch";
				INFOPLIST_FILE = "MLPFlatColorsDemo/MLPFlatColorsDemo-Info.plist";
				LIBRARY_SEARCH_PATHS = (
					"$(inherited)",
					"\"$(SRCROOT)/MLPFlatColorsDemo/GoogleAnalytics\"",
				);
				PRODUCT_NAME = "$(TARGET_NAME)";
				WRAPPER_EXTENSION = app;
			};
			name = Release;
		};
		8556B94A1715C03C00AC67E9 /* Debug */ = {
			isa = XCBuildConfiguration;
			buildSettings = {
				BUNDLE_LOADER = "$(BUILT_PRODUCTS_DIR)/MLPFlatColorsDemo.app/MLPFlatColorsDemo";
				FRAMEWORK_SEARCH_PATHS = (
					"\"$(SDKROOT)/Developer/Library/Frameworks\"",
					"\"$(DEVELOPER_LIBRARY_DIR)/Frameworks\"",
				);
				GCC_PRECOMPILE_PREFIX_HEADER = YES;
				GCC_PREFIX_HEADER = "MLPFlatColorsDemo/MLPFlatColorsDemo-Prefix.pch";
				INFOPLIST_FILE = "MLPFlatColorsDemoTests/MLPFlatColorsDemoTests-Info.plist";
				PRODUCT_NAME = "$(TARGET_NAME)";
				TEST_HOST = "$(BUNDLE_LOADER)";
				WRAPPER_EXTENSION = octest;
			};
			name = Debug;
		};
		8556B94B1715C03C00AC67E9 /* Release */ = {
			isa = XCBuildConfiguration;
			buildSettings = {
				BUNDLE_LOADER = "$(BUILT_PRODUCTS_DIR)/MLPFlatColorsDemo.app/MLPFlatColorsDemo";
				FRAMEWORK_SEARCH_PATHS = (
					"\"$(SDKROOT)/Developer/Library/Frameworks\"",
					"\"$(DEVELOPER_LIBRARY_DIR)/Frameworks\"",
				);
				GCC_PRECOMPILE_PREFIX_HEADER = YES;
				GCC_PREFIX_HEADER = "MLPFlatColorsDemo/MLPFlatColorsDemo-Prefix.pch";
				INFOPLIST_FILE = "MLPFlatColorsDemoTests/MLPFlatColorsDemoTests-Info.plist";
				PRODUCT_NAME = "$(TARGET_NAME)";
				TEST_HOST = "$(BUNDLE_LOADER)";
				WRAPPER_EXTENSION = octest;
			};
			name = Release;
		};
/* End XCBuildConfiguration section */

/* Begin XCConfigurationList section */
		8556B9091715C03B00AC67E9 /* Build configuration list for PBXProject "MLPFlatColorsDemo" */ = {
			isa = XCConfigurationList;
			buildConfigurations = (
				8556B9441715C03C00AC67E9 /* Debug */,
				8556B9451715C03C00AC67E9 /* Release */,
			);
			defaultConfigurationIsVisible = 0;
			defaultConfigurationName = Release;
		};
		8556B9461715C03C00AC67E9 /* Build configuration list for PBXNativeTarget "MLPFlatColorsDemo" */ = {
			isa = XCConfigurationList;
			buildConfigurations = (
				8556B9471715C03C00AC67E9 /* Debug */,
				8556B9481715C03C00AC67E9 /* Release */,
			);
			defaultConfigurationIsVisible = 0;
			defaultConfigurationName = Release;
		};
		8556B9491715C03C00AC67E9 /* Build configuration list for PBXNativeTarget "MLPFlatColorsDemoTests" */ = {
			isa = XCConfigurationList;
			buildConfigurations = (
				8556B94A1715C03C00AC67E9 /* Debug */,
				8556B94B1715C03C00AC67E9 /* Release */,
			);
			defaultConfigurationIsVisible = 0;
			defaultConfigurationName = Release;
		};
/* End XCConfigurationList section */
	};
	rootObject = 8556B9061715C03B00AC67E9 /* Project object */;
}
